
Microsoft Visual Studio Solution File, Format Version 12.00
# Visual Studio Version 16
VisualStudioVersion = 16.0.810.1
MinimumVisualStudioVersion = 10.0.40219.1
Project("{FAE04EC0-301F-11D3-BF4B-00C04F79EFBC}") = "StockMarket.AdminAPI", "StockMarket.AdminAPI\StockMarket.AdminAPI.csproj", "{4CB74F1D-367C-4A4E-8C00-5EF46F118912}"
EndProject
Project("{FAE04EC0-301F-11D3-BF4B-00C04F79EFBC}") = "StockMarket.AccountAPI", "StockMarket.AccountAPI\StockMarket.AccountAPI.csproj", "{5F57B682-F96A-4E9C-8100-ACD4F1261206}"
EndProject
Project("{FAE04EC0-301F-11D3-BF4B-00C04F79EFBC}") = "StockMarket.ExcelAPI", "StockMarket.ExcelAPI\StockMarket.ExcelAPI.csproj", "{B4295FF3-D2F2-48B2-9FF2-06084369834E}"
EndProject
Global
	GlobalSection(SolutionConfigurationPlatforms) = preSolution
		Debug|Any CPU = Debug|Any CPU
		Release|Any CPU = Release|Any CPU
	EndGlobalSection
	GlobalSection(ProjectConfigurationPlatforms) = postSolution
		{4CB74F1D-367C-4A4E-8C00-5EF46F118912}.Debug|Any CPU.ActiveCfg = Debug|Any CPU
		{4CB74F1D-367C-4A4E-8C00-5EF46F118912}.Debug|Any CPU.Build.0 = Debug|Any CPU
		{4CB74F1D-367C-4A4E-8C00-5EF46F118912}.Release|Any CPU.ActiveCfg = Release|Any CPU
		{4CB74F1D-367C-4A4E-8C00-5EF46F118912}.Release|Any CPU.Build.0 = Release|Any CPU
		{5F57B682-F96A-4E9C-8100-ACD4F1261206}.Debug|Any CPU.ActiveCfg = Debug|Any CPU
		{5F57B682-F96A-4E9C-8100-ACD4F1261206}.Debug|Any CPU.Build.0 = Debug|Any CPU
		{5F57B682-F96A-4E9C-8100-ACD4F1261206}.Release|Any CPU.ActiveCfg = Release|Any CPU
		{5F57B682-F96A-4E9C-8100-ACD4F1261206}.Release|Any CPU.Build.0 = Release|Any CPU
		{B4295FF3-D2F2-48B2-9FF2-06084369834E}.Debug|Any CPU.ActiveCfg = Debug|Any CPU
		{B4295FF3-D2F2-48B2-9FF2-06084369834E}.Debug|Any CPU.Build.0 = Debug|Any CPU
		{B4295FF3-D2F2-48B2-9FF2-06084369834E}.Release|Any CPU.ActiveCfg = Release|Any CPU
		{B4295FF3-D2F2-48B2-9FF2-06084369834E}.Release|Any CPU.Build.0 = Release|Any CPU
	EndGlobalSection
	GlobalSection(SolutionProperties) = preSolution
		HideSolutionNode = FALSE
	EndGlobalSection
	GlobalSection(ExtensibilityGlobals) = postSolution
		SolutionGuid = {E4036920-308C-4E50-9778-12D1B7331DD6}
	EndGlobalSection
EndGlobal
